
Microsoft Visual Studio Solution File, Format Version 12.00
# Visual Studio Version 17
VisualStudioVersion = 17.3.32929.385
MinimumVisualStudioVersion = 10.0.40219.1
Project("{FAE04EC0-301F-11D3-BF4B-00C04F79EFBC}") = "pp2023.Web", "pp2023.Web\pp2023.Web.csproj", "{8587DE59-110D-48EB-B708-E3A68E5C9657}"
EndProject
Global
	GlobalSection(SolutionConfigurationPlatforms) = preSolution
		Debug|Any CPU = Debug|Any CPU
		Release|Any CPU = Release|Any CPU
	EndGlobalSection
	GlobalSection(ProjectConfigurationPlatforms) = postSolution
		{8587DE59-110D-48EB-B708-E3A68E5C9657}.Debug|Any CPU.ActiveCfg = Debug|Any CPU
		{8587DE59-110D-48EB-B708-E3A68E5C9657}.Debug|Any CPU.Build.0 = Debug|Any CPU
		{8587DE59-110D-48EB-B708-E3A68E5C9657}.Release|Any CPU.ActiveCfg = Release|Any CPU
		{8587DE59-110D-48EB-B708-E3A68E5C9657}.Release|Any CPU.Build.0 = Release|Any CPU
	EndGlobalSection
	GlobalSection(SolutionProperties) = preSolution
		HideSolutionNode = FALSE
	EndGlobalSection
	GlobalSection(ExtensibilityGlobals) = postSolution
		SolutionGuid = {3DC54ABD-D7DA-4C91-83AA-B2C5BA7C31ED}
	EndGlobalSection
EndGlobal
